PODS:
  - AppMetrica_FMDB (5.2.0)
  - AppMetrica_Protobuf (5.2.0)
  - AppMetricaAdSupport (5.2.0):
    - AppMetricaCore (= 5.2.0)
    - AppMetricaCoreExtension (= 5.2.0)
  - AppMetricaAnalytics (5.0.0):
    - AppMetricaAdSupport (~> 5.0)
    - AppMetricaCore (~> 5.0)
    - AppMetricaCrashes (~> 5.0)
    - AppMetricaWebKit (~> 5.0)
  - AppMetricaCore (5.2.0):
    - AppMetrica_FMDB (= 5.2.0)
    - AppMetrica_Protobuf (= 5.2.0)
    - AppMetricaCoreUtils (= 5.2.0)
    - AppMetricaEncodingUtils (= 5.2.0)
    - AppMetricaHostState (= 5.2.0)
    - AppMetricaLog (= 5.2.0)
    - AppMetricaNetwork (= 5.2.0)
    - AppMetricaPlatform (= 5.2.0)
    - AppMetricaProtobufUtils (= 5.2.0)
    - AppMetricaStorageUtils (= 5.2.0)
  - AppMetricaCoreExtension (5.2.0):
    - AppMetricaCore (= 5.2.0)
    - AppMetricaStorageUtils (= 5.2.0)
  - AppMetricaCoreUtils (5.2.0):
    - AppMetricaLog (= 5.2.0)
  - AppMetricaCrashes (5.2.0):
    - AppMetricaCore (= 5.2.0)
    - AppMetricaCoreExtension (= 5.2.0)
    - AppMetricaCoreUtils (= 5.2.0)
    - AppMetricaEncodingUtils (= 5.2.0)
    - AppMetricaHostState (= 5.2.0)
    - AppMetricaLog (= 5.2.0)
    - AppMetricaPlatform (= 5.2.0)
    - AppMetricaProtobufUtils (= 5.2.0)
    - AppMetricaStorageUtils (= 5.2.0)
    - KSCrash/Recording (= 1.17.0)
    - KSCrash/Recording/Tools
  - AppMetricaEncodingUtils (5.2.0):
    - AppMetricaCoreUtils (= 5.2.0)
    - AppMetricaLog (= 5.2.0)
    - AppMetricaPlatform (= 5.2.0)
  - AppMetricaHostState (5.2.0):
    - AppMetricaCoreUtils (= 5.2.0)
    - AppMetricaLog (= 5.2.0)
  - AppMetricaLog (5.2.0)
  - AppMetricaNetwork (5.2.0):
    - AppMetricaCoreUtils (= 5.2.0)
    - AppMetricaLog (= 5.2.0)
    - AppMetricaPlatform (= 5.2.0)
  - AppMetricaPlatform (5.2.0):
    - AppMetricaCoreUtils (= 5.2.0)
    - AppMetricaLog (= 5.2.0)
  - AppMetricaProtobufUtils (5.2.0):
    - AppMetrica_Protobuf (= 5.2.0)
  - AppMetricaStorageUtils (5.2.0):
    - AppMetricaCoreUtils (= 5.2.0)
    - AppMetricaLog (= 5.2.0)
  - AppMetricaWebKit (5.2.0):
    - AppMetricaCore (= 5.2.0)
    - AppMetricaCoreUtils (= 5.2.0)
    - AppMetricaLog (= 5.2.0)
  - KSCrash/Recording (1.17.0):
    - KSCrash/Recording/Tools (= 1.17.0)
  - KSCrash/Recording/Tools (1.17.0)

DEPENDENCIES:
  - AppMetricaAnalytics (~> 5.0.0)

SPEC REPOS:
  trunk:
    - AppMetrica_FMDB
    - AppMetrica_Protobuf
    - AppMetricaAdSupport
    - AppMetricaAnalytics
    - AppMetricaCore
    - AppMetricaCoreExtension
    - AppMetricaCoreUtils
    - AppMetricaCrashes
    - AppMetricaEncodingUtils
    - AppMetricaHostState
    - AppMetricaLog
    - AppMetricaNetwork
    - AppMetricaPlatform
    - AppMetricaProtobufUtils
    - AppMetricaStorageUtils
    - AppMetricaWebKit
    - KSCrash

SPEC CHECKSUMS:
  AppMetrica_FMDB: 86a7247cecf4b315735b119f8547779bffca535a
  AppMetrica_Protobuf: 326de64e6b52ab2cddce121c780461ac9eedb6c4
  AppMetricaAdSupport: 1ebdf7d6f4555675aa776fb7fee5bd96ebef1dcf
  AppMetricaAnalytics: 824a8e12ed6070d541adc158fea5f28f28670d19
  AppMetricaCore: 647efed7efaa8fad9e38aa417d95aeccaf8b0926
  AppMetricaCoreExtension: 2b93264b869438d890df5bf6a69407fce5542e1c
  AppMetricaCoreUtils: f6b3cfde963e1027e3044630e2fd7e1007422c1b
  AppMetricaCrashes: f096e2cee83a46769685b850df846f5822c81b24
  AppMetricaEncodingUtils: 3b7d0aafefbc9a0ae84515a4b381d0a576f944f2
  AppMetricaHostState: 280370ecaf3096d4ff313bb7c13fb13252ae99e7
  AppMetricaLog: 7f5b21edad9e93e12d5d8e2aeafd17cbc2befb2b
  AppMetricaNetwork: 070f7ce9fcad0e97d762d76ed7616236f9c73417
  AppMetricaPlatform: 36742fdd5e4290ab923cf5ede28612dae96a6671
  AppMetricaProtobufUtils: 37f172ca2fffacba2f0d564308c873bba4726b88
  AppMetricaStorageUtils: 4de179f2354946734cc7c407322398f5276e3305
  AppMetricaWebKit: 271bdf19ac5473df925213ec80d330805ed96818
  KSCrash: 593ec373759e4c1bce381421a627326a20d2dc66

PODFILE CHECKSUM: 4f1bba3f693ab5765c033204e351ad711e7c558e

COCOAPODS: 1.15.2
