// !$*UTF8*$!
{
	archiveVersion = 1;
	classes = {
	};
	objectVersion = 56;
	objects = {

/* Begin PBXBuildFile section */
		2014E6C62BC5121D00C401E8 /* FiltersViewController.swift in Sources */ = {isa = PBXBuildFile; fileRef = 2014E6C52BC5121D00C401E8 /* FiltersViewController.swift */; };
		2014E6CB2BC524EF00C401E8 /* UIColor+Extension.swift in Sources */ = {isa = PBXBuildFile; fileRef = 2014E6CA2BC524EF00C401E8 /* UIColor+Extension.swift */; };
		2014E6CD2BC53ABA00C401E8 /* UIImage+Extension.swift in Sources */ = {isa = PBXBuildFile; fileRef = 2014E6CC2BC53ABA00C401E8 /* UIImage+Extension.swift */; };
		2014E6CF2BC5A05A00C401E8 /* EditViewController.swift in Sources */ = {isa = PBXBuildFile; fileRef = 2014E6CE2BC5A05900C401E8 /* EditViewController.swift */; };
		2014E6D72BC5C62500C401E8 /* TrackerAppTests.swift in Sources */ = {isa = PBXBuildFile; fileRef = 2014E6D62BC5C62500C401E8 /* TrackerAppTests.swift */; };
		2014E6DF2BC5C63D00C401E8 /* InlineSnapshotTesting in Frameworks */ = {isa = PBXBuildFile; productRef = 2014E6DE2BC5C63D00C401E8 /* InlineSnapshotTesting */; };
		2014E6E12BC5C63D00C401E8 /* SnapshotTesting in Frameworks */ = {isa = PBXBuildFile; productRef = 2014E6E02BC5C63D00C401E8 /* SnapshotTesting */; };
		2036B5422B7B467D002FA077 /* AppDelegate.swift in Sources */ = {isa = PBXBuildFile; fileRef = 2036B5412B7B467D002FA077 /* AppDelegate.swift */; };
		2036B5462B7B467D002FA077 /* TrackerViewController.swift in Sources */ = {isa = PBXBuildFile; fileRef = 2036B5452B7B467D002FA077 /* TrackerViewController.swift */; };
		2036B5492B7B467D002FA077 /* Main.storyboard in Resources */ = {isa = PBXBuildFile; fileRef = 2036B5472B7B467D002FA077 /* Main.storyboard */; };
		2036B54B2B7B467E002FA077 /* Assets.xcassets in Resources */ = {isa = PBXBuildFile; fileRef = 2036B54A2B7B467E002FA077 /* Assets.xcassets */; };
		2036B54E2B7B467E002FA077 /* LaunchScreen.storyboard in Resources */ = {isa = PBXBuildFile; fileRef = 2036B54C2B7B467E002FA077 /* LaunchScreen.storyboard */; };
		2047A60A2BBC0ED300EBAA26 /* OnBoardingViewController.swift in Sources */ = {isa = PBXBuildFile; fileRef = 2047A6092BBC0ED300EBAA26 /* OnBoardingViewController.swift */; };
		2047A60C2BBD585700EBAA26 /* OnBoardingPageViewController.swift in Sources */ = {isa = PBXBuildFile; fileRef = 2047A60B2BBD585700EBAA26 /* OnBoardingPageViewController.swift */; };
		2047A60E2BBD71CC00EBAA26 /* CategoryAddNewViewModel.swift in Sources */ = {isa = PBXBuildFile; fileRef = 2047A60D2BBD71CC00EBAA26 /* CategoryAddNewViewModel.swift */; };
		2047A6102BBFFE4200EBAA26 /* TabBarController.swift in Sources */ = {isa = PBXBuildFile; fileRef = 2047A60F2BBFFE4200EBAA26 /* TabBarController.swift */; };
		2047A6122BC0173400EBAA26 /* StatisticsViewController.swift in Sources */ = {isa = PBXBuildFile; fileRef = 2047A6112BC0173400EBAA26 /* StatisticsViewController.swift */; };
		2047A6232BC2F36700EBAA26 /* Localizable.strings in Resources */ = {isa = PBXBuildFile; fileRef = 2047A6212BC2F36700EBAA26 /* Localizable.strings */; };
		2047A62B2BC3F29800EBAA26 /* Localizable.stringsdict in Resources */ = {isa = PBXBuildFile; fileRef = 2047A6292BC3F29800EBAA26 /* Localizable.stringsdict */; };
		20888A292BC5DA43002800D0 /* AnalyticsService.swift in Sources */ = {isa = PBXBuildFile; fileRef = 20888A282BC5DA43002800D0 /* AnalyticsService.swift */; };
		20888A3E2BC5DE3E002800D0 /* AppMetricaAdSupport in Frameworks */ = {isa = PBXBuildFile; productRef = 20888A3D2BC5DE3E002800D0 /* AppMetricaAdSupport */; };
		20888A402BC5DE3E002800D0 /* AppMetricaCore in Frameworks */ = {isa = PBXBuildFile; productRef = 20888A3F2BC5DE3E002800D0 /* AppMetricaCore */; };
		20888A422BC5DE3E002800D0 /* AppMetricaCrashes in Frameworks */ = {isa = PBXBuildFile; productRef = 20888A412BC5DE3E002800D0 /* AppMetricaCrashes */; };
		20888A442BC5DE3E002800D0 /* AppMetricaWebKit in Frameworks */ = {isa = PBXBuildFile; productRef = 20888A432BC5DE3E002800D0 /* AppMetricaWebKit */; };
		209362242B848F8E00D51CE4 /* TrackerModel.swift in Sources */ = {isa = PBXBuildFile; fileRef = 209362232B848F8E00D51CE4 /* TrackerModel.swift */; };
		209362262B84914800D51CE4 /* TrackerCategoryModel.swift in Sources */ = {isa = PBXBuildFile; fileRef = 209362252B84914800D51CE4 /* TrackerCategoryModel.swift */; };
		209362282B84917C00D51CE4 /* TrackerRecordModel.swift in Sources */ = {isa = PBXBuildFile; fileRef = 209362272B84917C00D51CE4 /* TrackerRecordModel.swift */; };
		20E2EC662B91FA2700F71222 /* TrackerViewCollectionCell.swift in Sources */ = {isa = PBXBuildFile; fileRef = 20E2EC652B91FA2700F71222 /* TrackerViewCollectionCell.swift */; };
		20E2EC692B95D3F400F71222 /* HeaderCellView.swift in Sources */ = {isa = PBXBuildFile; fileRef = 20E2EC682B95D3F400F71222 /* HeaderCellView.swift */; };
		20E2EC8C2B972E2A00F71222 /* TrackerCreatingView.swift in Sources */ = {isa = PBXBuildFile; fileRef = 20E2EC8B2B972E2A00F71222 /* TrackerCreatingView.swift */; };
		20E2EC902B998F2900F71222 /* TrackerCreatingRegularViewController.swift in Sources */ = {isa = PBXBuildFile; fileRef = 20E2EC8F2B998F2900F71222 /* TrackerCreatingRegularViewController.swift */; };
		20E2EC922B998F8200F71222 /* TrackerCreatingIrregularViewController.swift in Sources */ = {isa = PBXBuildFile; fileRef = 20E2EC912B998F8200F71222 /* TrackerCreatingIrregularViewController.swift */; };
		20E2EC942B9997F600F71222 /* CustomCellView.swift in Sources */ = {isa = PBXBuildFile; fileRef = 20E2EC932B9997F600F71222 /* CustomCellView.swift */; };
		20E2EC962B999E0400F71222 /* ButtonCell.swift in Sources */ = {isa = PBXBuildFile; fileRef = 20E2EC952B999E0400F71222 /* ButtonCell.swift */; };
		20E2EC992B9C9B5000F71222 /* CategoryAddViewController.swift in Sources */ = {isa = PBXBuildFile; fileRef = 20E2EC982B9C9B5000F71222 /* CategoryAddViewController.swift */; };
		20E2EC9B2B9DAD0000F71222 /* CreateNewCategoryViewController.swift in Sources */ = {isa = PBXBuildFile; fileRef = 20E2EC9A2B9DAD0000F71222 /* CreateNewCategoryViewController.swift */; };
		20E2EC9E2B9DB90100F71222 /* ScheduleViewController.swift in Sources */ = {isa = PBXBuildFile; fileRef = 20E2EC9D2B9DB90100F71222 /* ScheduleViewController.swift */; };
		20E2ECA02B9F2C9100F71222 /* ScheduleModel.swift in Sources */ = {isa = PBXBuildFile; fileRef = 20E2EC9F2B9F2C9100F71222 /* ScheduleModel.swift */; };
		20E2ECA32B9F2D4D00F71222 /* UITextField+Extension.swift in Sources */ = {isa = PBXBuildFile; fileRef = 20E2ECA22B9F2D4D00F71222 /* UITextField+Extension.swift */; };
		20E2ECA62BA6EB6400F71222 /* EmojiColorCollectionViewCell.swift in Sources */ = {isa = PBXBuildFile; fileRef = 20E2ECA52BA6EB6400F71222 /* EmojiColorCollectionViewCell.swift */; };
		20E2ECA82BA9941E00F71222 /* EmojiAndColorHeaderCell.swift in Sources */ = {isa = PBXBuildFile; fileRef = 20E2ECA72BA9941E00F71222 /* EmojiAndColorHeaderCell.swift */; };
		20E2ECD02BAC15CE00F71222 /* TrackerDataModel.xcdatamodeld in Sources */ = {isa = PBXBuildFile; fileRef = 20E2ECCE2BAC15CE00F71222 /* TrackerDataModel.xcdatamodeld */; };
		20E2ECD42BAC2E6700F71222 /* TrackerStore.swift in Sources */ = {isa = PBXBuildFile; fileRef = 20E2ECD32BAC2E6700F71222 /* TrackerStore.swift */; };
		20E2ECD62BAC2E6F00F71222 /* TrackerCategoryStore.swift in Sources */ = {isa = PBXBuildFile; fileRef = 20E2ECD52BAC2E6F00F71222 /* TrackerCategoryStore.swift */; };
		20E2ECD82BAC2E7A00F71222 /* TrackerRecordStore.swift in Sources */ = {isa = PBXBuildFile; fileRef = 20E2ECD72BAC2E7A00F71222 /* TrackerRecordStore.swift */; };
/* End PBXBuildFile section */

/* Begin PBXContainerItemProxy section */
		2014E6D82BC5C62500C401E8 /* PBXContainerItemProxy */ = {
			isa = PBXContainerItemProxy;
			containerPortal = 2036B5362B7B467D002FA077 /* Project object */;
			proxyType = 1;
			remoteGlobalIDString = 2036B53D2B7B467D002FA077;
			remoteInfo = TrackerApp;
		};
/* End PBXContainerItemProxy section */

/* Begin PBXFileReference section */
		2014E6C52BC5121D00C401E8 /* FiltersViewController.swift */ = {isa = PBXFileReference; lastKnownFileType = sourcecode.swift; path = FiltersViewController.swift; sourceTree = "<group>"; };
		2014E6CA2BC524EF00C401E8 /* UIColor+Extension.swift */ = {isa = PBXFileReference; lastKnownFileType = sourcecode.swift; path = "UIColor+Extension.swift"; sourceTree = "<group>"; };
		2014E6CC2BC53ABA00C401E8 /* UIImage+Extension.swift */ = {isa = PBXFileReference; lastKnownFileType = sourcecode.swift; path = "UIImage+Extension.swift"; sourceTree = "<group>"; };
		2014E6CE2BC5A05900C401E8 /* EditViewController.swift */ = {isa = PBXFileReference; lastKnownFileType = sourcecode.swift; path = EditViewController.swift; sourceTree = "<group>"; };
		2014E6D42BC5C62500C401E8 /* TrackerAppTests.xctest */ = {isa = PBXFileReference; explicitFileType = wrapper.cfbundle; includeInIndex = 0; path = TrackerAppTests.xctest; sourceTree = BUILT_PRODUCTS_DIR; };
		2014E6D62BC5C62500C401E8 /* TrackerAppTests.swift */ = {isa = PBXFileReference; lastKnownFileType = sourcecode.swift; path = TrackerAppTests.swift; sourceTree = "<group>"; };
		2036B53E2B7B467D002FA077 /* TrackerApp.app */ = {isa = PBXFileReference; explicitFileType = wrapper.application; includeInIndex = 0; path = TrackerApp.app; sourceTree = BUILT_PRODUCTS_DIR; };
		2036B5412B7B467D002FA077 /* AppDelegate.swift */ = {isa = PBXFileReference; lastKnownFileType = sourcecode.swift; path = AppDelegate.swift; sourceTree = "<group>"; };
		2036B5452B7B467D002FA077 /* TrackerViewController.swift */ = {isa = PBXFileReference; lastKnownFileType = sourcecode.swift; path = TrackerViewController.swift; sourceTree = "<group>"; };
		2036B5482B7B467D002FA077 /* Base */ = {isa = PBXFileReference; lastKnownFileType = file.storyboard; name = Base; path = Base.lproj/Main.storyboard; sourceTree = "<group>"; };
		2036B54A2B7B467E002FA077 /* Assets.xcassets */ = {isa = PBXFileReference; lastKnownFileType = folder.assetcatalog; path = Assets.xcassets; sourceTree = "<group>"; };
		2036B54D2B7B467E002FA077 /* Base */ = {isa = PBXFileReference; lastKnownFileType = file.storyboard; name = Base; path = Base.lproj/LaunchScreen.storyboard; sourceTree = "<group>"; };
		2036B54F2B7B467E002FA077 /* Info.plist */ = {isa = PBXFileReference; lastKnownFileType = text.plist.xml; path = Info.plist; sourceTree = "<group>"; };
		2047A6092BBC0ED300EBAA26 /* OnBoardingViewController.swift */ = {isa = PBXFileReference; lastKnownFileType = sourcecode.swift; path = OnBoardingViewController.swift; sourceTree = "<group>"; };
		2047A60B2BBD585700EBAA26 /* OnBoardingPageViewController.swift */ = {isa = PBXFileReference; lastKnownFileType = sourcecode.swift; path = OnBoardingPageViewController.swift; sourceTree = "<group>"; };
		2047A60D2BBD71CC00EBAA26 /* CategoryAddNewViewModel.swift */ = {isa = PBXFileReference; lastKnownFileType = sourcecode.swift; path = CategoryAddNewViewModel.swift; sourceTree = "<group>"; };
		2047A60F2BBFFE4200EBAA26 /* TabBarController.swift */ = {isa = PBXFileReference; lastKnownFileType = sourcecode.swift; path = TabBarController.swift; sourceTree = "<group>"; };
		2047A6112BC0173400EBAA26 /* StatisticsViewController.swift */ = {isa = PBXFileReference; lastKnownFileType = sourcecode.swift; path = StatisticsViewController.swift; sourceTree = "<group>"; };
		2047A6222BC2F36700EBAA26 /* en */ = {isa = PBXFileReference; lastKnownFileType = text.plist.strings; name = en; path = en.lproj/Localizable.strings; sourceTree = "<group>"; };
		2047A6242BC2F37C00EBAA26 /* ru */ = {isa = PBXFileReference; lastKnownFileType = text.plist.strings; name = ru; path = ru.lproj/Main.strings; sourceTree = "<group>"; };
		2047A6252BC2F37C00EBAA26 /* ru */ = {isa = PBXFileReference; lastKnownFileType = text.plist.strings; name = ru; path = ru.lproj/LaunchScreen.strings; sourceTree = "<group>"; };
		2047A6262BC2F37C00EBAA26 /* ru */ = {isa = PBXFileReference; lastKnownFileType = text.plist.strings; name = ru; path = ru.lproj/Localizable.strings; sourceTree = "<group>"; };
		2047A62A2BC3F29800EBAA26 /* en */ = {isa = PBXFileReference; lastKnownFileType = text.plist.stringsdict; name = en; path = en.lproj/Localizable.stringsdict; sourceTree = "<group>"; };
		2047A62C2BC3F30700EBAA26 /* ru */ = {isa = PBXFileReference; lastKnownFileType = text.plist.stringsdict; name = ru; path = ru.lproj/Localizable.stringsdict; sourceTree = "<group>"; };
		20888A282BC5DA43002800D0 /* AnalyticsService.swift */ = {isa = PBXFileReference; lastKnownFileType = sourcecode.swift; path = AnalyticsService.swift; sourceTree = "<group>"; };
		209362232B848F8E00D51CE4 /* TrackerModel.swift */ = {isa = PBXFileReference; lastKnownFileType = sourcecode.swift; path = TrackerModel.swift; sourceTree = "<group>"; };
		209362252B84914800D51CE4 /* TrackerCategoryModel.swift */ = {isa = PBXFileReference; lastKnownFileType = sourcecode.swift; path = TrackerCategoryModel.swift; sourceTree = "<group>"; };
		209362272B84917C00D51CE4 /* TrackerRecordModel.swift */ = {isa = PBXFileReference; lastKnownFileType = sourcecode.swift; path = TrackerRecordModel.swift; sourceTree = "<group>"; };
		20E2EC652B91FA2700F71222 /* TrackerViewCollectionCell.swift */ = {isa = PBXFileReference; lastKnownFileType = sourcecode.swift; path = TrackerViewCollectionCell.swift; sourceTree = "<group>"; };
		20E2EC682B95D3F400F71222 /* HeaderCellView.swift */ = {isa = PBXFileReference; lastKnownFileType = sourcecode.swift; path = HeaderCellView.swift; sourceTree = "<group>"; };
		20E2EC8B2B972E2A00F71222 /* TrackerCreatingView.swift */ = {isa = PBXFileReference; lastKnownFileType = sourcecode.swift; path = TrackerCreatingView.swift; sourceTree = "<group>"; };
		20E2EC8F2B998F2900F71222 /* TrackerCreatingRegularViewController.swift */ = {isa = PBXFileReference; lastKnownFileType = sourcecode.swift; path = TrackerCreatingRegularViewController.swift; sourceTree = "<group>"; };
		20E2EC912B998F8200F71222 /* TrackerCreatingIrregularViewController.swift */ = {isa = PBXFileReference; lastKnownFileType = sourcecode.swift; path = TrackerCreatingIrregularViewController.swift; sourceTree = "<group>"; };
		20E2EC932B9997F600F71222 /* CustomCellView.swift */ = {isa = PBXFileReference; lastKnownFileType = sourcecode.swift; path = CustomCellView.swift; sourceTree = "<group>"; };
		20E2EC952B999E0400F71222 /* ButtonCell.swift */ = {isa = PBXFileReference; lastKnownFileType = sourcecode.swift; path = ButtonCell.swift; sourceTree = "<group>"; };
		20E2EC982B9C9B5000F71222 /* CategoryAddViewController.swift */ = {isa = PBXFileReference; lastKnownFileType = sourcecode.swift; path = CategoryAddViewController.swift; sourceTree = "<group>"; };
		20E2EC9A2B9DAD0000F71222 /* CreateNewCategoryViewController.swift */ = {isa = PBXFileReference; lastKnownFileType = sourcecode.swift; path = CreateNewCategoryViewController.swift; sourceTree = "<group>"; };
		20E2EC9D2B9DB90100F71222 /* ScheduleViewController.swift */ = {isa = PBXFileReference; lastKnownFileType = sourcecode.swift; path = ScheduleViewController.swift; sourceTree = "<group>"; };
		20E2EC9F2B9F2C9100F71222 /* ScheduleModel.swift */ = {isa = PBXFileReference; lastKnownFileType = sourcecode.swift; path = ScheduleModel.swift; sourceTree = "<group>"; };
		20E2ECA22B9F2D4D00F71222 /* UITextField+Extension.swift */ = {isa = PBXFileReference; lastKnownFileType = sourcecode.swift; path = "UITextField+Extension.swift"; sourceTree = "<group>"; };
		20E2ECA52BA6EB6400F71222 /* EmojiColorCollectionViewCell.swift */ = {isa = PBXFileReference; lastKnownFileType = sourcecode.swift; path = EmojiColorCollectionViewCell.swift; sourceTree = "<group>"; };
		20E2ECA72BA9941E00F71222 /* EmojiAndColorHeaderCell.swift */ = {isa = PBXFileReference; lastKnownFileType = sourcecode.swift; path = EmojiAndColorHeaderCell.swift; sourceTree = "<group>"; };
		20E2ECCF2BAC15CE00F71222 /* TrackerDataModel.xcdatamodel */ = {isa = PBXFileReference; lastKnownFileType = wrapper.xcdatamodel; path = TrackerDataModel.xcdatamodel; sourceTree = "<group>"; };
		20E2ECD32BAC2E6700F71222 /* TrackerStore.swift */ = {isa = PBXFileReference; lastKnownFileType = sourcecode.swift; path = TrackerStore.swift; sourceTree = "<group>"; };
		20E2ECD52BAC2E6F00F71222 /* TrackerCategoryStore.swift */ = {isa = PBXFileReference; lastKnownFileType = sourcecode.swift; path = TrackerCategoryStore.swift; sourceTree = "<group>"; };
		20E2ECD72BAC2E7A00F71222 /* TrackerRecordStore.swift */ = {isa = PBXFileReference; lastKnownFileType = sourcecode.swift; path = TrackerRecordStore.swift; sourceTree = "<group>"; };
/* End PBXFileReference section */

/* Begin PBXFrameworksBuildPhase section */
		2014E6D12BC5C62500C401E8 /* Frameworks */ = {
			isa = PBXFrameworksBuildPhase;
			buildActionMask = 2147483647;
			files = (
				2014E6DF2BC5C63D00C401E8 /* InlineSnapshotTesting in Frameworks */,
				2014E6E12BC5C63D00C401E8 /* SnapshotTesting in Frameworks */,
			);
			runOnlyForDeploymentPostprocessing = 0;
		};
		2036B53B2B7B467D002FA077 /* Frameworks */ = {
			isa = PBXFrameworksBuildPhase;
			buildActionMask = 2147483647;
			files = (
				20888A442BC5DE3E002800D0 /* AppMetricaWebKit in Frameworks */,
				20888A422BC5DE3E002800D0 /* AppMetricaCrashes in Frameworks */,
				20888A3E2BC5DE3E002800D0 /* AppMetricaAdSupport in Frameworks */,
				20888A402BC5DE3E002800D0 /* AppMetricaCore in Frameworks */,
			);
			runOnlyForDeploymentPostprocessing = 0;
		};
/* End PBXFrameworksBuildPhase section */

/* Begin PBXGroup section */
		2014E6C72BC51F4B00C401E8 /* StatisticView */ = {
			isa = PBXGroup;
			children = (
				2047A6112BC0173400EBAA26 /* StatisticsViewController.swift */,
			);
			path = StatisticView;
			sourceTree = "<group>";
		};
		2014E6D52BC5C62500C401E8 /* TrackerAppTests */ = {
			isa = PBXGroup;
			children = (
				2014E6D62BC5C62500C401E8 /* TrackerAppTests.swift */,
			);
			path = TrackerAppTests;
			sourceTree = "<group>";
		};
		2036B5352B7B467D002FA077 = {
			isa = PBXGroup;
			children = (
				2036B5402B7B467D002FA077 /* TrackerApp */,
				2014E6D52BC5C62500C401E8 /* TrackerAppTests */,
				2036B53F2B7B467D002FA077 /* Products */,
				244C5B333B3A55634B597B83 /* Pods */,
			);
			sourceTree = "<group>";
		};
		2036B53F2B7B467D002FA077 /* Products */ = {
			isa = PBXGroup;
			children = (
				2036B53E2B7B467D002FA077 /* TrackerApp.app */,
				2014E6D42BC5C62500C401E8 /* TrackerAppTests.xctest */,
			);
			name = Products;
			sourceTree = "<group>";
		};
		2036B5402B7B467D002FA077 /* TrackerApp */ = {
			isa = PBXGroup;
			children = (
				20888A272BC5DA21002800D0 /* Service */,
				2047A6202BC2F34C00EBAA26 /* Resources */,
				2047A6082BBC0EAC00EBAA26 /* OnBoardingView */,
				20E2ECD12BAC1AF100F71222 /* CoreData */,
				20E2ECA12B9F2D2900F71222 /* Extensions */,
				20E2EC8A2B972E0C00F71222 /* TrackerCreatingView */,
				20E2EC642B91FA0400F71222 /* TrackerView */,
				209362222B848F7F00D51CE4 /* Models */,
				2014E6C72BC51F4B00C401E8 /* StatisticView */,
				2036B5412B7B467D002FA077 /* AppDelegate.swift */,
				2036B5472B7B467D002FA077 /* Main.storyboard */,
				2036B54A2B7B467E002FA077 /* Assets.xcassets */,
				2036B54C2B7B467E002FA077 /* LaunchScreen.storyboard */,
				2036B54F2B7B467E002FA077 /* Info.plist */,
				2047A60F2BBFFE4200EBAA26 /* TabBarController.swift */,
			);
			path = TrackerApp;
			sourceTree = "<group>";
		};
		2047A6082BBC0EAC00EBAA26 /* OnBoardingView */ = {
			isa = PBXGroup;
			children = (
				2047A6092BBC0ED300EBAA26 /* OnBoardingViewController.swift */,
				2047A60B2BBD585700EBAA26 /* OnBoardingPageViewController.swift */,
			);
			path = OnBoardingView;
			sourceTree = "<group>";
		};
		2047A6202BC2F34C00EBAA26 /* Resources */ = {
			isa = PBXGroup;
			children = (
				2047A6212BC2F36700EBAA26 /* Localizable.strings */,
				2047A6292BC3F29800EBAA26 /* Localizable.stringsdict */,
			);
			path = Resources;
			sourceTree = "<group>";
		};
		20888A272BC5DA21002800D0 /* Service */ = {
			isa = PBXGroup;
			children = (
				20888A282BC5DA43002800D0 /* AnalyticsService.swift */,
			);
			path = Service;
			sourceTree = "<group>";
		};
		209362222B848F7F00D51CE4 /* Models */ = {
			isa = PBXGroup;
			children = (
				209362232B848F8E00D51CE4 /* TrackerModel.swift */,
				209362252B84914800D51CE4 /* TrackerCategoryModel.swift */,
				209362272B84917C00D51CE4 /* TrackerRecordModel.swift */,
				20E2EC9F2B9F2C9100F71222 /* ScheduleModel.swift */,
			);
			path = Models;
			sourceTree = "<group>";
		};
		20E2EC642B91FA0400F71222 /* TrackerView */ = {
			isa = PBXGroup;
			children = (
				2036B5452B7B467D002FA077 /* TrackerViewController.swift */,
				20E2EC652B91FA2700F71222 /* TrackerViewCollectionCell.swift */,
				20E2EC682B95D3F400F71222 /* HeaderCellView.swift */,
				2014E6C52BC5121D00C401E8 /* FiltersViewController.swift */,
				2014E6CE2BC5A05900C401E8 /* EditViewController.swift */,
			);
			path = TrackerView;
			sourceTree = "<group>";
		};
		20E2EC8A2B972E0C00F71222 /* TrackerCreatingView */ = {
			isa = PBXGroup;
			children = (
				20E2ECA42BA6EA2800F71222 /* EmojiColorCollectionView */,
				20E2EC9C2B9DB8DB00F71222 /* Schedule */,
				20E2EC972B9C9B2B00F71222 /* Category */,
				20E2EC8E2B998F0900F71222 /* TrackerCreatingIrregularView */,
				20E2EC8D2B998EF300F71222 /* TrackerCreatingRegularView */,
				20E2EC8B2B972E2A00F71222 /* TrackerCreatingView.swift */,
				20E2EC952B999E0400F71222 /* ButtonCell.swift */,
			);
			path = TrackerCreatingView;
			sourceTree = "<group>";
		};
		20E2EC8D2B998EF300F71222 /* TrackerCreatingRegularView */ = {
			isa = PBXGroup;
			children = (
				20E2EC8F2B998F2900F71222 /* TrackerCreatingRegularViewController.swift */,
				20E2EC932B9997F600F71222 /* CustomCellView.swift */,
			);
			path = TrackerCreatingRegularView;
			sourceTree = "<group>";
		};
		20E2EC8E2B998F0900F71222 /* TrackerCreatingIrregularView */ = {
			isa = PBXGroup;
			children = (
				20E2EC912B998F8200F71222 /* TrackerCreatingIrregularViewController.swift */,
			);
			path = TrackerCreatingIrregularView;
			sourceTree = "<group>";
		};
		20E2EC972B9C9B2B00F71222 /* Category */ = {
			isa = PBXGroup;
			children = (
				20E2EC982B9C9B5000F71222 /* CategoryAddViewController.swift */,
				20E2EC9A2B9DAD0000F71222 /* CreateNewCategoryViewController.swift */,
				2047A60D2BBD71CC00EBAA26 /* CategoryAddNewViewModel.swift */,
			);
			path = Category;
			sourceTree = "<group>";
		};
		20E2EC9C2B9DB8DB00F71222 /* Schedule */ = {
			isa = PBXGroup;
			children = (
				20E2EC9D2B9DB90100F71222 /* ScheduleViewController.swift */,
			);
			path = Schedule;
			sourceTree = "<group>";
		};
		20E2ECA12B9F2D2900F71222 /* Extensions */ = {
			isa = PBXGroup;
			children = (
				20E2ECA22B9F2D4D00F71222 /* UITextField+Extension.swift */,
				2014E6CA2BC524EF00C401E8 /* UIColor+Extension.swift */,
				2014E6CC2BC53ABA00C401E8 /* UIImage+Extension.swift */,
			);
			path = Extensions;
			sourceTree = "<group>";
		};
		20E2ECA42BA6EA2800F71222 /* EmojiColorCollectionView */ = {
			isa = PBXGroup;
			children = (
				20E2ECA52BA6EB6400F71222 /* EmojiColorCollectionViewCell.swift */,
				20E2ECA72BA9941E00F71222 /* EmojiAndColorHeaderCell.swift */,
			);
			path = EmojiColorCollectionView;
			sourceTree = "<group>";
		};
		20E2ECD12BAC1AF100F71222 /* CoreData */ = {
			isa = PBXGroup;
			children = (
				20E2ECD22BAC2E5800F71222 /* Stores */,
				20E2ECCE2BAC15CE00F71222 /* TrackerDataModel.xcdatamodeld */,
			);
			path = CoreData;
			sourceTree = "<group>";
		};
		20E2ECD22BAC2E5800F71222 /* Stores */ = {
			isa = PBXGroup;
			children = (
				20E2ECD32BAC2E6700F71222 /* TrackerStore.swift */,
				20E2ECD52BAC2E6F00F71222 /* TrackerCategoryStore.swift */,
				20E2ECD72BAC2E7A00F71222 /* TrackerRecordStore.swift */,
			);
			path = Stores;
			sourceTree = "<group>";
		};
		244C5B333B3A55634B597B83 /* Pods */ = {
			isa = PBXGroup;
			children = (
			);
			path = Pods;
			sourceTree = "<group>";
		};
/* End PBXGroup section */

/* Begin PBXNativeTarget section */
		2014E6D32BC5C62500C401E8 /* TrackerAppTests */ = {
			isa = PBXNativeTarget;
			buildConfigurationList = 2014E6DA2BC5C62500C401E8 /* Build configuration list for PBXNativeTarget "TrackerAppTests" */;
			buildPhases = (
				2014E6D02BC5C62500C401E8 /* Sources */,
				2014E6D12BC5C62500C401E8 /* Frameworks */,
				2014E6D22BC5C62500C401E8 /* Resources */,
			);
			buildRules = (
			);
			dependencies = (
				2014E6D92BC5C62500C401E8 /* PBXTargetDependency */,
			);
			name = TrackerAppTests;
			packageProductDependencies = (
				2014E6DE2BC5C63D00C401E8 /* InlineSnapshotTesting */,
				2014E6E02BC5C63D00C401E8 /* SnapshotTesting */,
			);
			productName = TrackerAppTests;
			productReference = 2014E6D42BC5C62500C401E8 /* TrackerAppTests.xctest */;
			productType = "com.apple.product-type.bundle.unit-test";
		};
		2036B53D2B7B467D002FA077 /* TrackerApp */ = {
			isa = PBXNativeTarget;
			buildConfigurationList = 2036B5522B7B467E002FA077 /* Build configuration list for PBXNativeTarget "TrackerApp" */;
			buildPhases = (
				2036B53A2B7B467D002FA077 /* Sources */,
				2036B53B2B7B467D002FA077 /* Frameworks */,
				2036B53C2B7B467D002FA077 /* Resources */,
			);
			buildRules = (
			);
			dependencies = (
			);
			name = TrackerApp;
			packageProductDependencies = (
				20888A3D2BC5DE3E002800D0 /* AppMetricaAdSupport */,
				20888A3F2BC5DE3E002800D0 /* AppMetricaCore */,
				20888A412BC5DE3E002800D0 /* AppMetricaCrashes */,
				20888A432BC5DE3E002800D0 /* AppMetricaWebKit */,
			);
			productName = TrackerApp;
			productReference = 2036B53E2B7B467D002FA077 /* TrackerApp.app */;
			productType = "com.apple.product-type.application";
		};
/* End PBXNativeTarget section */

/* Begin PBXProject section */
		2036B5362B7B467D002FA077 /* Project object */ = {
			isa = PBXProject;
			attributes = {
				BuildIndependentTargetsInParallel = 1;
				LastSwiftUpdateCheck = 1530;
				LastUpgradeCheck = 1430;
				TargetAttributes = {
					2014E6D32BC5C62500C401E8 = {
						CreatedOnToolsVersion = 15.3;
						TestTargetID = 2036B53D2B7B467D002FA077;
					};
					2036B53D2B7B467D002FA077 = {
						CreatedOnToolsVersion = 14.3.1;
					};
				};
			};
			buildConfigurationList = 2036B5392B7B467D002FA077 /* Build configuration list for PBXProject "TrackerApp" */;
			compatibilityVersion = "Xcode 14.0";
			developmentRegion = en;
			hasScannedForEncodings = 0;
			knownRegions = (
				en,
				Base,
				ru,
			);
			mainGroup = 2036B5352B7B467D002FA077;
			packageReferences = (
				2014E6DD2BC5C63D00C401E8 /* XCRemoteSwiftPackageReference "swift-snapshot-testing" */,
				20888A3C2BC5DE3E002800D0 /* XCRemoteSwiftPackageReference "appmetrica-sdk-ios" */,
			);
			productRefGroup = 2036B53F2B7B467D002FA077 /* Products */;
			projectDirPath = "";
			projectRoot = "";
			targets = (
				2036B53D2B7B467D002FA077 /* TrackerApp */,
				2014E6D32BC5C62500C401E8 /* TrackerAppTests */,
			);
		};
/* End PBXProject section */

/* Begin PBXResourcesBuildPhase section */
		2014E6D22BC5C62500C401E8 /* Resources */ = {
			isa = PBXResourcesBuildPhase;
			buildActionMask = 2147483647;
			files = (
			);
			runOnlyForDeploymentPostprocessing = 0;
		};
		2036B53C2B7B467D002FA077 /* Resources */ = {
			isa = PBXResourcesBuildPhase;
			buildActionMask = 2147483647;
			files = (
				2036B54E2B7B467E002FA077 /* LaunchScreen.storyboard in Resources */,
				2047A6232BC2F36700EBAA26 /* Localizable.strings in Resources */,
				2036B54B2B7B467E002FA077 /* Assets.xcassets in Resources */,
				2047A62B2BC3F29800EBAA26 /* Localizable.stringsdict in Resources */,
				2036B5492B7B467D002FA077 /* Main.storyboard in Resources */,
			);
			runOnlyForDeploymentPostprocessing = 0;
		};
/* End PBXResourcesBuildPhase section */

/* Begin PBXSourcesBuildPhase section */
		2014E6D02BC5C62500C401E8 /* Sources */ = {
			isa = PBXSourcesBuildPhase;
			buildActionMask = 2147483647;
			files = (
				2014E6D72BC5C62500C401E8 /* TrackerAppTests.swift in Sources */,
			);
			runOnlyForDeploymentPostprocessing = 0;
		};
		2036B53A2B7B467D002FA077 /* Sources */ = {
			isa = PBXSourcesBuildPhase;
			buildActionMask = 2147483647;
			files = (
				20E2ECA62BA6EB6400F71222 /* EmojiColorCollectionViewCell.swift in Sources */,
				20E2EC9B2B9DAD0000F71222 /* CreateNewCategoryViewController.swift in Sources */,
				2047A6122BC0173400EBAA26 /* StatisticsViewController.swift in Sources */,
				20E2EC662B91FA2700F71222 /* TrackerViewCollectionCell.swift in Sources */,
				20E2EC962B999E0400F71222 /* ButtonCell.swift in Sources */,
				2014E6C62BC5121D00C401E8 /* FiltersViewController.swift in Sources */,
				2047A60A2BBC0ED300EBAA26 /* OnBoardingViewController.swift in Sources */,
				20E2EC9E2B9DB90100F71222 /* ScheduleViewController.swift in Sources */,
				2014E6CB2BC524EF00C401E8 /* UIColor+Extension.swift in Sources */,
				20E2EC942B9997F600F71222 /* CustomCellView.swift in Sources */,
				20E2ECD42BAC2E6700F71222 /* TrackerStore.swift in Sources */,
				2036B5462B7B467D002FA077 /* TrackerViewController.swift in Sources */,
				2047A60E2BBD71CC00EBAA26 /* CategoryAddNewViewModel.swift in Sources */,
				209362282B84917C00D51CE4 /* TrackerRecordModel.swift in Sources */,
				20E2ECD62BAC2E6F00F71222 /* TrackerCategoryStore.swift in Sources */,
				20E2EC922B998F8200F71222 /* TrackerCreatingIrregularViewController.swift in Sources */,
				20E2EC692B95D3F400F71222 /* HeaderCellView.swift in Sources */,
				20E2ECA32B9F2D4D00F71222 /* UITextField+Extension.swift in Sources */,
				20E2ECA82BA9941E00F71222 /* EmojiAndColorHeaderCell.swift in Sources */,
				2036B5422B7B467D002FA077 /* AppDelegate.swift in Sources */,
				20E2EC902B998F2900F71222 /* TrackerCreatingRegularViewController.swift in Sources */,
				209362242B848F8E00D51CE4 /* TrackerModel.swift in Sources */,
				20E2ECD02BAC15CE00F71222 /* TrackerDataModel.xcdatamodeld in Sources */,
				2047A60C2BBD585700EBAA26 /* OnBoardingPageViewController.swift in Sources */,
				20E2ECA02B9F2C9100F71222 /* ScheduleModel.swift in Sources */,
				20E2ECD82BAC2E7A00F71222 /* TrackerRecordStore.swift in Sources */,
				2014E6CF2BC5A05A00C401E8 /* EditViewController.swift in Sources */,
				2014E6CD2BC53ABA00C401E8 /* UIImage+Extension.swift in Sources */,
				20E2EC992B9C9B5000F71222 /* CategoryAddViewController.swift in Sources */,
				20888A292BC5DA43002800D0 /* AnalyticsService.swift in Sources */,
				2047A6102BBFFE4200EBAA26 /* TabBarController.swift in Sources */,
				20E2EC8C2B972E2A00F71222 /* TrackerCreatingView.swift in Sources */,
				209362262B84914800D51CE4 /* TrackerCategoryModel.swift in Sources */,
			);
			runOnlyForDeploymentPostprocessing = 0;
		};
/* End PBXSourcesBuildPhase section */

/* Begin PBXTargetDependency section */
		2014E6D92BC5C62500C401E8 /* PBXTargetDependency */ = {
			isa = PBXTargetDependency;
			target = 2036B53D2B7B467D002FA077 /* TrackerApp */;
			targetProxy = 2014E6D82BC5C62500C401E8 /* PBXContainerItemProxy */;
		};
/* End PBXTargetDependency section */

/* Begin PBXVariantGroup section */
		2036B5472B7B467D002FA077 /* Main.storyboard */ = {
			isa = PBXVariantGroup;
			children = (
				2036B5482B7B467D002FA077 /* Base */,
				2047A6242BC2F37C00EBAA26 /* ru */,
			);
			name = Main.storyboard;
			sourceTree = "<group>";
		};
		2036B54C2B7B467E002FA077 /* LaunchScreen.storyboard */ = {
			isa = PBXVariantGroup;
			children = (
				2036B54D2B7B467E002FA077 /* Base */,
				2047A6252BC2F37C00EBAA26 /* ru */,
			);
			name = LaunchScreen.storyboard;
			sourceTree = "<group>";
		};
		2047A6212BC2F36700EBAA26 /* Localizable.strings */ = {
			isa = PBXVariantGroup;
			children = (
				2047A6222BC2F36700EBAA26 /* en */,
				2047A6262BC2F37C00EBAA26 /* ru */,
			);
			name = Localizable.strings;
			sourceTree = "<group>";
		};
		2047A6292BC3F29800EBAA26 /* Localizable.stringsdict */ = {
			isa = PBXVariantGroup;
			children = (
				2047A62A2BC3F29800EBAA26 /* en */,
				2047A62C2BC3F30700EBAA26 /* ru */,
			);
			name = Localizable.stringsdict;
			sourceTree = "<group>";
		};
/* End PBXVariantGroup section */

/* Begin XCBuildConfiguration section */
		2014E6DB2BC5C62500C401E8 /* Debug */ = {
			isa = XCBuildConfiguration;
			buildSettings = {
				ASSETCATALOG_COMPILER_GENERATE_SWIFT_ASSET_SYMBOL_EXTENSIONS = YES;
				BUNDLE_LOADER = "$(TEST_HOST)";
				CODE_SIGN_STYLE = Automatic;
				CURRENT_PROJECT_VERSION = 1;
				DEVELOPMENT_TEAM = QV9853JV3C;
				ENABLE_USER_SCRIPT_SANDBOXING = YES;
				GCC_C_LANGUAGE_STANDARD = gnu17;
				GENERATE_INFOPLIST_FILE = YES;
				IPHONEOS_DEPLOYMENT_TARGET = 17.4;
				LOCALIZATION_PREFERS_STRING_CATALOGS = YES;
				MARKETING_VERSION = 1.0;
				PRODUCT_BUNDLE_IDENTIFIER = ru.antutu.TrackerAppTests;
				PRODUCT_NAME = "$(TARGET_NAME)";
				SWIFT_ACTIVE_COMPILATION_CONDITIONS = "DEBUG $(inherited)";
				SWIFT_EMIT_LOC_STRINGS = NO;
				SWIFT_VERSION = 5.0;
				TARGETED_DEVICE_FAMILY = "1,2";
				TEST_HOST = "$(BUILT_PRODUCTS_DIR)/TrackerApp.app/$(BUNDLE_EXECUTABLE_FOLDER_PATH)/TrackerApp";
			};
			name = Debug;
		};
		2014E6DC2BC5C62500C401E8 /* Release */ = {
			isa = XCBuildConfiguration;
			buildSettings = {
				ASSETCATALOG_COMPILER_GENERATE_SWIFT_ASSET_SYMBOL_EXTENSIONS = YES;
				BUNDLE_LOADER = "$(TEST_HOST)";
				CODE_SIGN_STYLE = Automatic;
				CURRENT_PROJECT_VERSION = 1;
				DEVELOPMENT_TEAM = QV9853JV3C;
				ENABLE_USER_SCRIPT_SANDBOXING = YES;
				GCC_C_LANGUAGE_STANDARD = gnu17;
				GENERATE_INFOPLIST_FILE = YES;
				IPHONEOS_DEPLOYMENT_TARGET = 17.4;
				LOCALIZATION_PREFERS_STRING_CATALOGS = YES;
				MARKETING_VERSION = 1.0;
				PRODUCT_BUNDLE_IDENTIFIER = ru.antutu.TrackerAppTests;
				PRODUCT_NAME = "$(TARGET_NAME)";
				SWIFT_EMIT_LOC_STRINGS = NO;
				SWIFT_VERSION = 5.0;
				TARGETED_DEVICE_FAMILY = "1,2";
				TEST_HOST = "$(BUILT_PRODUCTS_DIR)/TrackerApp.app/$(BUNDLE_EXECUTABLE_FOLDER_PATH)/TrackerApp";
			};
			name = Release;
		};
		2036B5502B7B467E002FA077 /* Debug */ = {
			isa = XCBuildConfiguration;
			buildSettings = {
				ALWAYS_SEARCH_USER_PATHS = NO;
				CLANG_ANALYZER_LOCALIZABILITY_NONLOCALIZED = YES;
				CLANG_ANALYZER_NONNULL = YES;
				CLANG_ANALYZER_NUMBER_OBJECT_CONVERSION = YES_AGGRESSIVE;
				CLANG_CXX_LANGUAGE_STANDARD = "gnu++20";
				CLANG_ENABLE_MODULES = YES;
				CLANG_ENABLE_OBJC_ARC = YES;
				CLANG_ENABLE_OBJC_WEAK = YES;
				CLANG_WARN_BLOCK_CAPTURE_AUTORELEASING = YES;
				CLANG_WARN_BOOL_CONVERSION = YES;
				CLANG_WARN_COMMA = YES;
				CLANG_WARN_CONSTANT_CONVERSION = YES;
				CLANG_WARN_DEPRECATED_OBJC_IMPLEMENTATIONS = YES;
				CLANG_WARN_DIRECT_OBJC_ISA_USAGE = YES_ERROR;
				CLANG_WARN_DOCUMENTATION_COMMENTS = YES;
				CLANG_WARN_EMPTY_BODY = YES;
				CLANG_WARN_ENUM_CONVERSION = YES;
				CLANG_WARN_INFINITE_RECURSION = YES;
				CLANG_WARN_INT_CONVERSION = YES;
				CLANG_WARN_NON_LITERAL_NULL_CONVERSION = YES;
				CLANG_WARN_OBJC_IMPLICIT_RETAIN_SELF = YES;
				CLANG_WARN_OBJC_LITERAL_CONVERSION = YES;
				CLANG_WARN_OBJC_ROOT_CLASS = YES_ERROR;
				CLANG_WARN_QUOTED_INCLUDE_IN_FRAMEWORK_HEADER = YES;
				CLANG_WARN_RANGE_LOOP_ANALYSIS = YES;
				CLANG_WARN_STRICT_PROTOTYPES = YES;
				CLANG_WARN_SUSPICIOUS_MOVE = YES;
				CLANG_WARN_UNGUARDED_AVAILABILITY = YES_AGGRESSIVE;
				CLANG_WARN_UNREACHABLE_CODE = YES;
				CLANG_WARN__DUPLICATE_METHOD_MATCH = YES;
				COPY_PHASE_STRIP = NO;
				DEBUG_INFORMATION_FORMAT = dwarf;
				ENABLE_STRICT_OBJC_MSGSEND = YES;
				ENABLE_TESTABILITY = YES;
				GCC_C_LANGUAGE_STANDARD = gnu11;
				GCC_DYNAMIC_NO_PIC = NO;
				GCC_NO_COMMON_BLOCKS = YES;
				GCC_OPTIMIZATION_LEVEL = 0;
				GCC_PREPROCESSOR_DEFINITIONS = (
					"DEBUG=1",
					"$(inherited)",
				);
				GCC_WARN_64_TO_32_BIT_CONVERSION = YES;
				GCC_WARN_ABOUT_RETURN_TYPE = YES_ERROR;
				GCC_WARN_UNDECLARED_SELECTOR = YES;
				GCC_WARN_UNINITIALIZED_AUTOS = YES_AGGRESSIVE;
				GCC_WARN_UNUSED_FUNCTION = YES;
				GCC_WARN_UNUSED_VARIABLE = YES;
				IPHONEOS_DEPLOYMENT_TARGET = 13.4;
				MTL_ENABLE_DEBUG_INFO = INCLUDE_SOURCE;
				MTL_FAST_MATH = YES;
				ONLY_ACTIVE_ARCH = YES;
				SDKROOT = iphoneos;
				SWIFT_ACTIVE_COMPILATION_CONDITIONS = DEBUG;
				SWIFT_OPTIMIZATION_LEVEL = "-Onone";
			};
			name = Debug;
		};
		2036B5512B7B467E002FA077 /* Release */ = {
			isa = XCBuildConfiguration;
			buildSettings = {
				ALWAYS_SEARCH_USER_PATHS = NO;
				CLANG_ANALYZER_LOCALIZABILITY_NONLOCALIZED = YES;
				CLANG_ANALYZER_NONNULL = YES;
				CLANG_ANALYZER_NUMBER_OBJECT_CONVERSION = YES_AGGRESSIVE;
				CLANG_CXX_LANGUAGE_STANDARD = "gnu++20";
				CLANG_ENABLE_MODULES = YES;
				CLANG_ENABLE_OBJC_ARC = YES;
				CLANG_ENABLE_OBJC_WEAK = YES;
				CLANG_WARN_BLOCK_CAPTURE_AUTORELEASING = YES;
				CLANG_WARN_BOOL_CONVERSION = YES;
				CLANG_WARN_COMMA = YES;
				CLANG_WARN_CONSTANT_CONVERSION = YES;
				CLANG_WARN_DEPRECATED_OBJC_IMPLEMENTATIONS = YES;
				CLANG_WARN_DIRECT_OBJC_ISA_USAGE = YES_ERROR;
				CLANG_WARN_DOCUMENTATION_COMMENTS = YES;
				CLANG_WARN_EMPTY_BODY = YES;
				CLANG_WARN_ENUM_CONVERSION = YES;
				CLANG_WARN_INFINITE_RECURSION = YES;
				CLANG_WARN_INT_CONVERSION = YES;
				CLANG_WARN_NON_LITERAL_NULL_CONVERSION = YES;
				CLANG_WARN_OBJC_IMPLICIT_RETAIN_SELF = YES;
				CLANG_WARN_OBJC_LITERAL_CONVERSION = YES;
				CLANG_WARN_OBJC_ROOT_CLASS = YES_ERROR;
				CLANG_WARN_QUOTED_INCLUDE_IN_FRAMEWORK_HEADER = YES;
				CLANG_WARN_RANGE_LOOP_ANALYSIS = YES;
				CLANG_WARN_STRICT_PROTOTYPES = YES;
				CLANG_WARN_SUSPICIOUS_MOVE = YES;
				CLANG_WARN_UNGUARDED_AVAILABILITY = YES_AGGRESSIVE;
				CLANG_WARN_UNREACHABLE_CODE = YES;
				CLANG_WARN__DUPLICATE_METHOD_MATCH = YES;
				COPY_PHASE_STRIP = NO;
				DEBUG_INFORMATION_FORMAT = "dwarf-with-dsym";
				ENABLE_NS_ASSERTIONS = NO;
				ENABLE_STRICT_OBJC_MSGSEND = YES;
				GCC_C_LANGUAGE_STANDARD = gnu11;
				GCC_NO_COMMON_BLOCKS = YES;
				GCC_WARN_64_TO_32_BIT_CONVERSION = YES;
				GCC_WARN_ABOUT_RETURN_TYPE = YES_ERROR;
				GCC_WARN_UNDECLARED_SELECTOR = YES;
				GCC_WARN_UNINITIALIZED_AUTOS = YES_AGGRESSIVE;
				GCC_WARN_UNUSED_FUNCTION = YES;
				GCC_WARN_UNUSED_VARIABLE = YES;
				IPHONEOS_DEPLOYMENT_TARGET = 13.4;
				MTL_ENABLE_DEBUG_INFO = NO;
				MTL_FAST_MATH = YES;
				SDKROOT = iphoneos;
				SWIFT_COMPILATION_MODE = wholemodule;
				SWIFT_OPTIMIZATION_LEVEL = "-O";
				VALIDATE_PRODUCT = YES;
			};
			name = Release;
		};
		2036B5532B7B467E002FA077 /* Debug */ = {
			isa = XCBuildConfiguration;
			buildSettings = {
				ASSETCATALOG_COMPILER_APPICON_NAME = AppIcon;
				ASSETCATALOG_COMPILER_GLOBAL_ACCENT_COLOR_NAME = AccentColor;
				CODE_SIGN_STYLE = Automatic;
				CURRENT_PROJECT_VERSION = 1;
				DEVELOPMENT_TEAM = QV9853JV3C;
				GENERATE_INFOPLIST_FILE = YES;
				INFOPLIST_FILE = TrackerApp/Info.plist;
				INFOPLIST_KEY_UIApplicationSupportsIndirectInputEvents = YES;
				INFOPLIST_KEY_UILaunchStoryboardName = LaunchScreen;
				INFOPLIST_KEY_UIMainStoryboardFile = Main;
				INFOPLIST_KEY_UISupportedInterfaceOrientations = UIInterfaceOrientationPortrait;
				INFOPLIST_KEY_UISupportedInterfaceOrientations_iPad = "UIInterfaceOrientationLandscapeLeft UIInterfaceOrientationLandscapeRight UIInterfaceOrientationPortrait UIInterfaceOrientationPortraitUpsideDown";
				IPHONEOS_DEPLOYMENT_TARGET = 13.4;
				LD_RUNPATH_SEARCH_PATHS = (
					"$(inherited)",
					"@executable_path/Frameworks",
				);
				MARKETING_VERSION = 1.0;
				PRODUCT_BUNDLE_IDENTIFIER = ru.antutu.TrackerApp;
				PRODUCT_NAME = "$(TARGET_NAME)";
				SUPPORTED_PLATFORMS = "iphoneos iphonesimulator";
				SUPPORTS_MACCATALYST = NO;
				SUPPORTS_MAC_DESIGNED_FOR_IPHONE_IPAD = NO;
				SUPPORTS_XR_DESIGNED_FOR_IPHONE_IPAD = NO;
				SWIFT_EMIT_LOC_STRINGS = YES;
				SWIFT_VERSION = 5.0;
				TARGETED_DEVICE_FAMILY = 1;
			};
			name = Debug;
		};
		2036B5542B7B467E002FA077 /* Release */ = {
			isa = XCBuildConfiguration;
			buildSettings = {
				ASSETCATALOG_COMPILER_APPICON_NAME = AppIcon;
				ASSETCATALOG_COMPILER_GLOBAL_ACCENT_COLOR_NAME = AccentColor;
				CODE_SIGN_STYLE = Automatic;
				CURRENT_PROJECT_VERSION = 1;
				DEVELOPMENT_TEAM = QV9853JV3C;
				GENERATE_INFOPLIST_FILE = YES;
				INFOPLIST_FILE = TrackerApp/Info.plist;
				INFOPLIST_KEY_UIApplicationSupportsIndirectInputEvents = YES;
				INFOPLIST_KEY_UILaunchStoryboardName = LaunchScreen;
				INFOPLIST_KEY_UIMainStoryboardFile = Main;
				INFOPLIST_KEY_UISupportedInterfaceOrientations = UIInterfaceOrientationPortrait;
				INFOPLIST_KEY_UISupportedInterfaceOrientations_iPad = "UIInterfaceOrientationLandscapeLeft UIInterfaceOrientationLandscapeRight UIInterfaceOrientationPortrait UIInterfaceOrientationPortraitUpsideDown";
				IPHONEOS_DEPLOYMENT_TARGET = 13.4;
				LD_RUNPATH_SEARCH_PATHS = (
					"$(inherited)",
					"@executable_path/Frameworks",
				);
				MARKETING_VERSION = 1.0;
				PRODUCT_BUNDLE_IDENTIFIER = ru.antutu.TrackerApp;
				PRODUCT_NAME = "$(TARGET_NAME)";
				SUPPORTED_PLATFORMS = "iphoneos iphonesimulator";
				SUPPORTS_MACCATALYST = NO;
				SUPPORTS_MAC_DESIGNED_FOR_IPHONE_IPAD = NO;
				SUPPORTS_XR_DESIGNED_FOR_IPHONE_IPAD = NO;
				SWIFT_EMIT_LOC_STRINGS = YES;
				SWIFT_VERSION = 5.0;
				TARGETED_DEVICE_FAMILY = 1;
			};
			name = Release;
		};
/* End XCBuildConfiguration section */

/* Begin XCConfigurationList section */
		2014E6DA2BC5C62500C401E8 /* Build configuration list for PBXNativeTarget "TrackerAppTests" */ = {
			isa = XCConfigurationList;
			buildConfigurations = (
				2014E6DB2BC5C62500C401E8 /* Debug */,
				2014E6DC2BC5C62500C401E8 /* Release */,
			);
			defaultConfigurationIsVisible = 0;
			defaultConfigurationName = Release;
		};
		2036B5392B7B467D002FA077 /* Build configuration list for PBXProject "TrackerApp" */ = {
			isa = XCConfigurationList;
			buildConfigurations = (
				2036B5502B7B467E002FA077 /* Debug */,
				2036B5512B7B467E002FA077 /* Release */,
			);
			defaultConfigurationIsVisible = 0;
			defaultConfigurationName = Release;
		};
		2036B5522B7B467E002FA077 /* Build configuration list for PBXNativeTarget "TrackerApp" */ = {
			isa = XCConfigurationList;
			buildConfigurations = (
				2036B5532B7B467E002FA077 /* Debug */,
				2036B5542B7B467E002FA077 /* Release */,
			);
			defaultConfigurationIsVisible = 0;
			defaultConfigurationName = Release;
		};
/* End XCConfigurationList section */

/* Begin XCRemoteSwiftPackageReference section */
		2014E6DD2BC5C63D00C401E8 /* XCRemoteSwiftPackageReference "swift-snapshot-testing" */ = {
			isa = XCRemoteSwiftPackageReference;
			repositoryURL = "https://github.com/pointfreeco/swift-snapshot-testing";
			requirement = {
				kind = upToNextMajorVersion;
				minimumVersion = 1.16.0;
			};
		};
		20888A3C2BC5DE3E002800D0 /* XCRemoteSwiftPackageReference "appmetrica-sdk-ios" */ = {
			isa = XCRemoteSwiftPackageReference;
			repositoryURL = "https://github.com/appmetrica/appmetrica-sdk-ios";
			requirement = {
				kind = upToNextMajorVersion;
				minimumVersion = 5.2.0;
			};
		};
/* End XCRemoteSwiftPackageReference section */

/* Begin XCSwiftPackageProductDependency section */
		2014E6DE2BC5C63D00C401E8 /* InlineSnapshotTesting */ = {
			isa = XCSwiftPackageProductDependency;
			package = 2014E6DD2BC5C63D00C401E8 /* XCRemoteSwiftPackageReference "swift-snapshot-testing" */;
			productName = InlineSnapshotTesting;
		};
		2014E6E02BC5C63D00C401E8 /* SnapshotTesting */ = {
			isa = XCSwiftPackageProductDependency;
			package = 2014E6DD2BC5C63D00C401E8 /* XCRemoteSwiftPackageReference "swift-snapshot-testing" */;
			productName = SnapshotTesting;
		};
		20888A3D2BC5DE3E002800D0 /* AppMetricaAdSupport */ = {
			isa = XCSwiftPackageProductDependency;
			package = 20888A3C2BC5DE3E002800D0 /* XCRemoteSwiftPackageReference "appmetrica-sdk-ios" */;
			productName = AppMetricaAdSupport;
		};
		20888A3F2BC5DE3E002800D0 /* AppMetricaCore */ = {
			isa = XCSwiftPackageProductDependency;
			package = 20888A3C2BC5DE3E002800D0 /* XCRemoteSwiftPackageReference "appmetrica-sdk-ios" */;
			productName = AppMetricaCore;
		};
		20888A412BC5DE3E002800D0 /* AppMetricaCrashes */ = {
			isa = XCSwiftPackageProductDependency;
			package = 20888A3C2BC5DE3E002800D0 /* XCRemoteSwiftPackageReference "appmetrica-sdk-ios" */;
			productName = AppMetricaCrashes;
		};
		20888A432BC5DE3E002800D0 /* AppMetricaWebKit */ = {
			isa = XCSwiftPackageProductDependency;
			package = 20888A3C2BC5DE3E002800D0 /* XCRemoteSwiftPackageReference "appmetrica-sdk-ios" */;
			productName = AppMetricaWebKit;
		};
/* End XCSwiftPackageProductDependency section */

/* Begin XCVersionGroup section */
		20E2ECCE2BAC15CE00F71222 /* TrackerDataModel.xcdatamodeld */ = {
			isa = XCVersionGroup;
			children = (
				20E2ECCF2BAC15CE00F71222 /* TrackerDataModel.xcdatamodel */,
			);
			currentVersion = 20E2ECCF2BAC15CE00F71222 /* TrackerDataModel.xcdatamodel */;
			path = TrackerDataModel.xcdatamodeld;
			sourceTree = "<group>";
			versionGroupType = wrapper.xcdatamodel;
		};
/* End XCVersionGroup section */
	};
	rootObject = 2036B5362B7B467D002FA077 /* Project object */;
}
